
Microsoft Visual Studio Solution File, Format Version 12.00
# Visual Studio 15
VisualStudioVersion = 15.0.27130.2010
MinimumVisualStudioVersion = 10.0.40219.1
Project("{888888A0-9F3D-457C-B088-3A5042F75D52}") = "WumpusHunter", "WumpusHunter.pyproj", "{10D6D991-504A-4E45-8888-78FE1880A280}"
EndProject
Global
	GlobalSection(SolutionConfigurationPlatforms) = preSolution
		Debug|Any CPU = Debug|Any CPU
		Release|Any CPU = Release|Any CPU
	EndGlobalSection
	GlobalSection(ProjectConfigurationPlatforms) = postSolution
		{10D6D991-504A-4E45-8888-78FE1880A280}.Debug|Any CPU.ActiveCfg = Debug|Any CPU
		{10D6D991-504A-4E45-8888-78FE1880A280}.Release|Any CPU.ActiveCfg = Release|Any CPU
	EndGlobalSection
	GlobalSection(SolutionProperties) = preSolution
		HideSolutionNode = FALSE
	EndGlobalSection
	GlobalSection(ExtensibilityGlobals) = postSolution
		SolutionGuid = {A3BDEFBE-7DA5-4AE6-B8F3-56BCB73C58D1}
	EndGlobalSection
EndGlobal
